
Microsoft Visual Studio Solution File, Format Version 12.00
# Visual Studio 2017
Project("{FAE04EC0-301F-11D3-BF4B-00C04F79EFBC}") = "tetrisgame.Plugins", "tetrisgame.Plugins.csproj", "{405E7EEF-F72F-A9E5-04C1-850F0246CA50}"
EndProject
Project("{FAE04EC0-301F-11D3-BF4B-00C04F79EFBC}") = "tetrisgame", "tetrisgame.csproj", "{0B00F1D6-D94C-405A-9B68-E992BCBEE783}"
EndProject
Project("{FAE04EC0-301F-11D3-BF4B-00C04F79EFBC}") = "tetrisgame.Editor", "tetrisgame.Editor.csproj", "{4EAE9607-BBFB-DAFD-A8E6-9D7ABFBDA9DA}"
EndProject
Global
	GlobalSection(SolutionConfigurationPlatforms) = preSolution
		Debug|Any CPU = Debug|Any CPU
		Release|Any CPU = Release|Any CPU
	EndGlobalSection
	GlobalSection(ProjectConfigurationPlatforms) = postSolution
		{405E7EEF-F72F-A9E5-04C1-850F0246CA50}.Debug|Any CPU.ActiveCfg = Debug|Any CPU
		{405E7EEF-F72F-A9E5-04C1-850F0246CA50}.Debug|Any CPU.Build.0 = Debug|Any CPU
		{405E7EEF-F72F-A9E5-04C1-850F0246CA50}.Release|Any CPU.ActiveCfg = Release|Any CPU
		{405E7EEF-F72F-A9E5-04C1-850F0246CA50}.Release|Any CPU.Build.0 = Release|Any CPU
		{0B00F1D6-D94C-405A-9B68-E992BCBEE783}.Debug|Any CPU.ActiveCfg = Debug|Any CPU
		{0B00F1D6-D94C-405A-9B68-E992BCBEE783}.Debug|Any CPU.Build.0 = Debug|Any CPU
		{0B00F1D6-D94C-405A-9B68-E992BCBEE783}.Release|Any CPU.ActiveCfg = Release|Any CPU
		{0B00F1D6-D94C-405A-9B68-E992BCBEE783}.Release|Any CPU.Build.0 = Release|Any CPU
		{4EAE9607-BBFB-DAFD-A8E6-9D7ABFBDA9DA}.Debug|Any CPU.ActiveCfg = Debug|Any CPU
		{4EAE9607-BBFB-DAFD-A8E6-9D7ABFBDA9DA}.Debug|Any CPU.Build.0 = Debug|Any CPU
		{4EAE9607-BBFB-DAFD-A8E6-9D7ABFBDA9DA}.Release|Any CPU.ActiveCfg = Release|Any CPU
		{4EAE9607-BBFB-DAFD-A8E6-9D7ABFBDA9DA}.Release|Any CPU.Build.0 = Release|Any CPU
	EndGlobalSection
	GlobalSection(SolutionProperties) = preSolution
		HideSolutionNode = FALSE
	EndGlobalSection
EndGlobal
